// !$*UTF8*$!
{
	archiveVersion = 1;
	classes = {
	};
	objectVersion = 54;
	objects = {

/* Begin PBXBuildFile section */
		2B79F637AEF515EF588ECBD9 /* Models.swift in Sources */ = {isa = PBXBuildFile; fileRef = 2E4B3562D131A66B82995145 /* Models.swift */; };
		35EB70DCECE46E566118E5B1 /* WebViewController.swift in Sources */ = {isa = PBXBuildFile; fileRef = 3D24F25674EEEBEBCEBCB131 /* WebViewController.swift */; };
		38552BD5208E70D1AD1549DE /* BubbleWindow.swift in Sources */ = {isa = PBXBuildFile; fileRef = 3DF5F8F03BBE6DDE29881944 /* BubbleWindow.swift */; };
		42A93B885680BA3B28AC91A1 /* HotkeyManager.swift in Sources */ = {isa = PBXBuildFile; fileRef = FE76E354BD6AC53366657A94 /* HotkeyManager.swift */; };
		4AC3EBE18C42E2624C22F339 /* main.swift in Sources */ = {isa = PBXBuildFile; fileRef = 4F03572F40274A9D8455BBC3 /* main.swift */; };
		605984C6D4A05E696C35861B /* Assets.xcassets in Resources */ = {isa = PBXBuildFile; fileRef = 81C44714F7DAEBD123838209 /* Assets.xcassets */; };
		7F698FA714844FE4D189C195 /* AppDelegate.swift in Sources */ = {isa = PBXBuildFile; fileRef = FE85F567CAE4CCE3D369A877 /* AppDelegate.swift */; };
		9348E736EFE37183164D86D5 /* SettingsView.swift in Sources */ = {isa = PBXBuildFile; fileRef = 2248C8EBFCB472999FEFC247 /* SettingsView.swift */; };
		A29B6D1A49A7E40F89CD842E /* SettingsStore.swift in Sources */ = {isa = PBXBuildFile; fileRef = C71394029CB206FE6B7B1B5F /* SettingsStore.swift */; };
		CFDA7BC4F0475D88433399E3 /* BubbleManager.swift in Sources */ = {isa = PBXBuildFile; fileRef = 585A69726A793EF20367E8CE /* BubbleManager.swift */; };
		D7C72D64EB672E795B6A6F32 /* BubbleContentView.swift in Sources */ = {isa = PBXBuildFile; fileRef = F2D078E8005C8E93B48FFB4A /* BubbleContentView.swift */; };
		DA89DFEA71102E5E415C62B3 /* FaviconLoader.swift in Sources */ = {isa = PBXBuildFile; fileRef = 0253ACC0EB55C13058B9FF81 /* FaviconLoader.swift */; };
		F656529452E0F61DA2193DAB /* MenuBarIcon.png in Resources */ = {isa = PBXBuildFile; fileRef = B0E246E4B077818C46F350DC /* MenuBarIcon.png */; };
/* End PBXBuildFile section */

/* Begin PBXFileReference section */
		0253ACC0EB55C13058B9FF81 /* FaviconLoader.swift */ = {isa = PBXFileReference; lastKnownFileType = sourcecode.swift; path = FaviconLoader.swift; sourceTree = "<group>"; };
		2248C8EBFCB472999FEFC247 /* SettingsView.swift */ = {isa = PBXFileReference; lastKnownFileType = sourcecode.swift; path = SettingsView.swift; sourceTree = "<group>"; };
		2E4B3562D131A66B82995145 /* Models.swift */ = {isa = PBXFileReference; lastKnownFileType = sourcecode.swift; path = Models.swift; sourceTree = "<group>"; };
		3D24F25674EEEBEBCEBCB131 /* WebViewController.swift */ = {isa = PBXFileReference; lastKnownFileType = sourcecode.swift; path = WebViewController.swift; sourceTree = "<group>"; };
		3DF5F8F03BBE6DDE29881944 /* BubbleWindow.swift */ = {isa = PBXFileReference; lastKnownFileType = sourcecode.swift; path = BubbleWindow.swift; sourceTree = "<group>"; };
		4F03572F40274A9D8455BBC3 /* main.swift */ = {isa = PBXFileReference; lastKnownFileType = sourcecode.swift; path = main.swift; sourceTree = "<group>"; };
		585A69726A793EF20367E8CE /* BubbleManager.swift */ = {isa = PBXFileReference; lastKnownFileType = sourcecode.swift; path = BubbleManager.swift; sourceTree = "<group>"; };
		6358C7AF7EC1BD15A4538B6F /* itsytack.app */ = {isa = PBXFileReference; explicitFileType = wrapper.application; includeInIndex = 0; path = itsytack.app; sourceTree = BUILT_PRODUCTS_DIR; };
		81C44714F7DAEBD123838209 /* Assets.xcassets */ = {isa = PBXFileReference; lastKnownFileType = folder.assetcatalog; path = Assets.xcassets; sourceTree = "<group>"; };
		B0E246E4B077818C46F350DC /* MenuBarIcon.png */ = {isa = PBXFileReference; lastKnownFileType = image.png; path = MenuBarIcon.png; sourceTree = "<group>"; };
		C71394029CB206FE6B7B1B5F /* SettingsStore.swift */ = {isa = PBXFileReference; lastKnownFileType = sourcecode.swift; path = SettingsStore.swift; sourceTree = "<group>"; };
		D8B7D0C7A8915F03C64BA79B /* Info.plist */ = {isa = PBXFileReference; lastKnownFileType = text.plist; path = Info.plist; sourceTree = "<group>"; };
		F2D078E8005C8E93B48FFB4A /* BubbleContentView.swift */ = {isa = PBXFileReference; lastKnownFileType = sourcecode.swift; path = BubbleContentView.swift; sourceTree = "<group>"; };
		FE76E354BD6AC53366657A94 /* HotkeyManager.swift */ = {isa = PBXFileReference; lastKnownFileType = sourcecode.swift; path = HotkeyManager.swift; sourceTree = "<group>"; };
		FE85F567CAE4CCE3D369A877 /* AppDelegate.swift */ = {isa = PBXFileReference; lastKnownFileType = sourcecode.swift; path = AppDelegate.swift; sourceTree = "<group>"; };
/* End PBXFileReference section */

/* Begin PBXGroup section */
		80EDD08498B5C01185C5EE3B = {
			isa = PBXGroup;
			children = (
				C90943A368834386359378E3 /* Assets */,
				D6C427DFFFEE0862116B0832 /* Sources */,
				E2F4D2E23B89583A3A3AB481 /* Products */,
			);
			sourceTree = "<group>";
		};
		C90943A368834386359378E3 /* Assets */ = {
			isa = PBXGroup;
			children = (
				81C44714F7DAEBD123838209 /* Assets.xcassets */,
				B0E246E4B077818C46F350DC /* MenuBarIcon.png */,
			);
			path = Assets;
			sourceTree = "<group>";
		};
		D6C427DFFFEE0862116B0832 /* Sources */ = {
			isa = PBXGroup;
			children = (
				FE85F567CAE4CCE3D369A877 /* AppDelegate.swift */,
				F2D078E8005C8E93B48FFB4A /* BubbleContentView.swift */,
				585A69726A793EF20367E8CE /* BubbleManager.swift */,
				3DF5F8F03BBE6DDE29881944 /* BubbleWindow.swift */,
				0253ACC0EB55C13058B9FF81 /* FaviconLoader.swift */,
				FE76E354BD6AC53366657A94 /* HotkeyManager.swift */,
				D8B7D0C7A8915F03C64BA79B /* Info.plist */,
				4F03572F40274A9D8455BBC3 /* main.swift */,
				2E4B3562D131A66B82995145 /* Models.swift */,
				C71394029CB206FE6B7B1B5F /* SettingsStore.swift */,
				2248C8EBFCB472999FEFC247 /* SettingsView.swift */,
				3D24F25674EEEBEBCEBCB131 /* WebViewController.swift */,
			);
			path = Sources;
			sourceTree = "<group>";
		};
		E2F4D2E23B89583A3A3AB481 /* Products */ = {
			isa = PBXGroup;
			children = (
				6358C7AF7EC1BD15A4538B6F /* itsytack.app */,
			);
			name = Products;
			sourceTree = "<group>";
		};
/* End PBXGroup section */

/* Begin PBXNativeTarget section */
		6CB002C39091AF9D1DC2D313 /* itsytack */ = {
			isa = PBXNativeTarget;
			buildConfigurationList = C0E86E86E33C07E551356839 /* Build configuration list for PBXNativeTarget "itsytack" */;
			buildPhases = (
				05FA6633B7B6FC2866D42FB5 /* Sources */,
				AA5F898B6CB3102A3F820B58 /* Resources */,
			);
			buildRules = (
			);
			dependencies = (
			);
			name = itsytack;
			packageProductDependencies = (
			);
			productName = itsytack;
			productReference = 6358C7AF7EC1BD15A4538B6F /* itsytack.app */;
			productType = "com.apple.product-type.application";
		};
/* End PBXNativeTarget section */

/* Begin PBXProject section */
		B27DAF77137CB725C5D96805 /* Project object */ = {
			isa = PBXProject;
			attributes = {
				BuildIndependentTargetsInParallel = YES;
				LastUpgradeCheck = 1600;
				TargetAttributes = {
					6CB002C39091AF9D1DC2D313 = {
						DevelopmentTeam = R892A93W42;
						ProvisioningStyle = Automatic;
					};
				};
			};
			buildConfigurationList = 9C29112175E9363A6FB871C2 /* Build configuration list for PBXProject "itsytack" */;
			compatibilityVersion = "Xcode 14.0";
			developmentRegion = en;
			hasScannedForEncodings = 0;
			knownRegions = (
				Base,
				en,
			);
			mainGroup = 80EDD08498B5C01185C5EE3B;
			minimizedProjectReferenceProxies = 1;
			preferredProjectObjectVersion = 54;
			projectDirPath = "";
			projectRoot = "";
			targets = (
				6CB002C39091AF9D1DC2D313 /* itsytack */,
			);
		};
/* End PBXProject section */

/* Begin PBXResourcesBuildPhase section */
		AA5F898B6CB3102A3F820B58 /* Resources */ = {
			isa = PBXResourcesBuildPhase;
			buildActionMask = 2147483647;
			files = (
				605984C6D4A05E696C35861B /* Assets.xcassets in Resources */,
				F656529452E0F61DA2193DAB /* MenuBarIcon.png in Resources */,
			);
			runOnlyForDeploymentPostprocessing = 0;
		};
/* End PBXResourcesBuildPhase section */

/* Begin PBXSourcesBuildPhase section */
		05FA6633B7B6FC2866D42FB5 /* Sources */ = {
			isa = PBXSourcesBuildPhase;
			buildActionMask = 2147483647;
			files = (
				7F698FA714844FE4D189C195 /* AppDelegate.swift in Sources */,
				D7C72D64EB672E795B6A6F32 /* BubbleContentView.swift in Sources */,
				CFDA7BC4F0475D88433399E3 /* BubbleManager.swift in Sources */,
				38552BD5208E70D1AD1549DE /* BubbleWindow.swift in Sources */,
				DA89DFEA71102E5E415C62B3 /* FaviconLoader.swift in Sources */,
				42A93B885680BA3B28AC91A1 /* HotkeyManager.swift in Sources */,
				2B79F637AEF515EF588ECBD9 /* Models.swift in Sources */,
				A29B6D1A49A7E40F89CD842E /* SettingsStore.swift in Sources */,
				9348E736EFE37183164D86D5 /* SettingsView.swift in Sources */,
				35EB70DCECE46E566118E5B1 /* WebViewController.swift in Sources */,
				4AC3EBE18C42E2624C22F339 /* main.swift in Sources */,
			);
			runOnlyForDeploymentPostprocessing = 0;
		};
/* End PBXSourcesBuildPhase section */

/* Begin XCBuildConfiguration section */
		09B09FB88CB20223267232B5 /* Release */ = {
			isa = XCBuildConfiguration;
			buildSettings = {
				ALWAYS_SEARCH_USER_PATHS = NO;
				CLANG_ANALYZER_NONNULL = YES;
				CLANG_ANALYZER_NUMBER_OBJECT_CONVERSION = YES_AGGRESSIVE;
				CLANG_CXX_LANGUAGE_STANDARD = "gnu++14";
				CLANG_CXX_LIBRARY = "libc++";
				CLANG_ENABLE_MODULES = YES;
				CLANG_ENABLE_OBJC_ARC = YES;
				CLANG_ENABLE_OBJC_WEAK = YES;
				CLANG_WARN_BLOCK_CAPTURE_AUTORELEASING = YES;
				CLANG_WARN_BOOL_CONVERSION = YES;
				CLANG_WARN_COMMA = YES;
				CLANG_WARN_CONSTANT_CONVERSION = YES;
				CLANG_WARN_DEPRECATED_OBJC_IMPLEMENTATIONS = YES;
				CLANG_WARN_DIRECT_OBJC_ISA_USAGE = YES_ERROR;
				CLANG_WARN_DOCUMENTATION_COMMENTS = YES;
				CLANG_WARN_EMPTY_BODY = YES;
				CLANG_WARN_ENUM_CONVERSION = YES;
				CLANG_WARN_INFINITE_RECURSION = YES;
				CLANG_WARN_INT_CONVERSION = YES;
				CLANG_WARN_NON_LITERAL_NULL_CONVERSION = YES;
				CLANG_WARN_OBJC_IMPLICIT_RETAIN_SELF = YES;
				CLANG_WARN_OBJC_LITERAL_CONVERSION = YES;
				CLANG_WARN_OBJC_ROOT_CLASS = YES_ERROR;
				CLANG_WARN_QUOTED_INCLUDE_IN_FRAMEWORK_HEADER = YES;
				CLANG_WARN_RANGE_LOOP_ANALYSIS = YES;
				CLANG_WARN_STRICT_PROTOTYPES = YES;
				CLANG_WARN_SUSPICIOUS_MOVE = YES;
				CLANG_WARN_UNGUARDED_AVAILABILITY = YES_AGGRESSIVE;
				CLANG_WARN_UNREACHABLE_CODE = YES;
				CLANG_WARN__DUPLICATE_METHOD_MATCH = YES;
				CODE_SIGN_IDENTITY = "Apple Development";
				CODE_SIGN_STYLE = Automatic;
				COPY_PHASE_STRIP = NO;
				DEBUG_INFORMATION_FORMAT = "dwarf-with-dsym";
				DEVELOPMENT_TEAM = R892A93W42;
				ENABLE_NS_ASSERTIONS = NO;
				ENABLE_STRICT_OBJC_MSGSEND = YES;
				GCC_C_LANGUAGE_STANDARD = gnu11;
				GCC_NO_COMMON_BLOCKS = YES;
				GCC_WARN_64_TO_32_BIT_CONVERSION = YES;
				GCC_WARN_ABOUT_RETURN_TYPE = YES_ERROR;
				GCC_WARN_UNDECLARED_SELECTOR = YES;
				GCC_WARN_UNINITIALIZED_AUTOS = YES_AGGRESSIVE;
				GCC_WARN_UNUSED_FUNCTION = YES;
				GCC_WARN_UNUSED_VARIABLE = YES;
				MACOSX_DEPLOYMENT_TARGET = 13.0;
				MTL_ENABLE_DEBUG_INFO = NO;
				MTL_FAST_MATH = YES;
				PRODUCT_NAME = "$(TARGET_NAME)";
				SDKROOT = macosx;
				SWIFT_COMPILATION_MODE = wholemodule;
				SWIFT_OPTIMIZATION_LEVEL = "-O";
				SWIFT_VERSION = 5.9;
			};
			name = Release;
		};
		15A80158A437B12018941AA7 /* Release-AppStore */ = {
			isa = XCBuildConfiguration;
			buildSettings = {
				ASSETCATALOG_COMPILER_APPICON_NAME = AppIcon;
				CODE_SIGN_ENTITLEMENTS = Sources/itsytack.entitlements;
				COMBINE_HIDPI_IMAGES = YES;
				CURRENT_PROJECT_VERSION = 122;
				ENABLE_HARDENED_RUNTIME = YES;
				GENERATE_INFOPLIST_FILE = NO;
				INFOPLIST_FILE = Sources/Info.plist;
				LD_RUNPATH_SEARCH_PATHS = (
					"$(inherited)",
					"@executable_path/../Frameworks",
				);
				MARKETING_VERSION = 1.2.2;
				PRODUCT_BUNDLE_IDENTIFIER = com.itsytack.app;
				PRODUCT_NAME = Itsytack;
				SDKROOT = macosx;
				SWIFT_ACTIVE_COMPILATION_CONDITIONS = APPSTORE;
			};
			name = "Release-AppStore";
		};
		6544D1851B56881084A26A04 /* Release */ = {
			isa = XCBuildConfiguration;
			buildSettings = {
				ASSETCATALOG_COMPILER_APPICON_NAME = AppIcon;
				CODE_SIGN_ENTITLEMENTS = "Sources/itsytack-direct.entitlements";
				COMBINE_HIDPI_IMAGES = YES;
				CURRENT_PROJECT_VERSION = 122;
				ENABLE_HARDENED_RUNTIME = YES;
				GENERATE_INFOPLIST_FILE = NO;
				INFOPLIST_FILE = Sources/Info.plist;
				LD_RUNPATH_SEARCH_PATHS = (
					"$(inherited)",
					"@executable_path/../Frameworks",
				);
				MARKETING_VERSION = 1.2.2;
				PRODUCT_BUNDLE_IDENTIFIER = com.itsytack.app;
				PRODUCT_NAME = Itsytack;
				SDKROOT = macosx;
			};
			name = Release;
		};
		7C3B67574C85519D13018422 /* Release-AppStore */ = {
			isa = XCBuildConfiguration;
			buildSettings = {
				ALWAYS_SEARCH_USER_PATHS = NO;
				CLANG_ANALYZER_NONNULL = YES;
				CLANG_ANALYZER_NUMBER_OBJECT_CONVERSION = YES_AGGRESSIVE;
				CLANG_CXX_LANGUAGE_STANDARD = "gnu++14";
				CLANG_CXX_LIBRARY = "libc++";
				CLANG_ENABLE_MODULES = YES;
				CLANG_ENABLE_OBJC_ARC = YES;
				CLANG_ENABLE_OBJC_WEAK = YES;
				CLANG_WARN_BLOCK_CAPTURE_AUTORELEASING = YES;
				CLANG_WARN_BOOL_CONVERSION = YES;
				CLANG_WARN_COMMA = YES;
				CLANG_WARN_CONSTANT_CONVERSION = YES;
				CLANG_WARN_DEPRECATED_OBJC_IMPLEMENTATIONS = YES;
				CLANG_WARN_DIRECT_OBJC_ISA_USAGE = YES_ERROR;
				CLANG_WARN_DOCUMENTATION_COMMENTS = YES;
				CLANG_WARN_EMPTY_BODY = YES;
				CLANG_WARN_ENUM_CONVERSION = YES;
				CLANG_WARN_INFINITE_RECURSION = YES;
				CLANG_WARN_INT_CONVERSION = YES;
				CLANG_WARN_NON_LITERAL_NULL_CONVERSION = YES;
				CLANG_WARN_OBJC_IMPLICIT_RETAIN_SELF = YES;
				CLANG_WARN_OBJC_LITERAL_CONVERSION = YES;
				CLANG_WARN_OBJC_ROOT_CLASS = YES_ERROR;
				CLANG_WARN_QUOTED_INCLUDE_IN_FRAMEWORK_HEADER = YES;
				CLANG_WARN_RANGE_LOOP_ANALYSIS = YES;
				CLANG_WARN_STRICT_PROTOTYPES = YES;
				CLANG_WARN_SUSPICIOUS_MOVE = YES;
				CLANG_WARN_UNGUARDED_AVAILABILITY = YES_AGGRESSIVE;
				CLANG_WARN_UNREACHABLE_CODE = YES;
				CLANG_WARN__DUPLICATE_METHOD_MATCH = YES;
				CODE_SIGN_IDENTITY = "Apple Development";
				CODE_SIGN_STYLE = Automatic;
				COPY_PHASE_STRIP = NO;
				DEBUG_INFORMATION_FORMAT = "dwarf-with-dsym";
				DEVELOPMENT_TEAM = R892A93W42;
				ENABLE_NS_ASSERTIONS = NO;
				ENABLE_STRICT_OBJC_MSGSEND = YES;
				GCC_C_LANGUAGE_STANDARD = gnu11;
				GCC_NO_COMMON_BLOCKS = YES;
				GCC_WARN_64_TO_32_BIT_CONVERSION = YES;
				GCC_WARN_ABOUT_RETURN_TYPE = YES_ERROR;
				GCC_WARN_UNDECLARED_SELECTOR = YES;
				GCC_WARN_UNINITIALIZED_AUTOS = YES_AGGRESSIVE;
				GCC_WARN_UNUSED_FUNCTION = YES;
				GCC_WARN_UNUSED_VARIABLE = YES;
				MACOSX_DEPLOYMENT_TARGET = 13.0;
				MTL_ENABLE_DEBUG_INFO = NO;
				MTL_FAST_MATH = YES;
				PRODUCT_NAME = "$(TARGET_NAME)";
				SDKROOT = macosx;
				SWIFT_COMPILATION_MODE = wholemodule;
				SWIFT_OPTIMIZATION_LEVEL = "-O";
				SWIFT_VERSION = 5.9;
			};
			name = "Release-AppStore";
		};
		9AFD75C10E059495F5ACD3DF /* Debug-AppStore */ = {
			isa = XCBuildConfiguration;
			buildSettings = {
				ALWAYS_SEARCH_USER_PATHS = NO;
				CLANG_ANALYZER_NONNULL = YES;
				CLANG_ANALYZER_NUMBER_OBJECT_CONVERSION = YES_AGGRESSIVE;
				CLANG_CXX_LANGUAGE_STANDARD = "gnu++14";
				CLANG_CXX_LIBRARY = "libc++";
				CLANG_ENABLE_MODULES = YES;
				CLANG_ENABLE_OBJC_ARC = YES;
				CLANG_ENABLE_OBJC_WEAK = YES;
				CLANG_WARN_BLOCK_CAPTURE_AUTORELEASING = YES;
				CLANG_WARN_BOOL_CONVERSION = YES;
				CLANG_WARN_COMMA = YES;
				CLANG_WARN_CONSTANT_CONVERSION = YES;
				CLANG_WARN_DEPRECATED_OBJC_IMPLEMENTATIONS = YES;
				CLANG_WARN_DIRECT_OBJC_ISA_USAGE = YES_ERROR;
				CLANG_WARN_DOCUMENTATION_COMMENTS = YES;
				CLANG_WARN_EMPTY_BODY = YES;
				CLANG_WARN_ENUM_CONVERSION = YES;
				CLANG_WARN_INFINITE_RECURSION = YES;
				CLANG_WARN_INT_CONVERSION = YES;
				CLANG_WARN_NON_LITERAL_NULL_CONVERSION = YES;
				CLANG_WARN_OBJC_IMPLICIT_RETAIN_SELF = YES;
				CLANG_WARN_OBJC_LITERAL_CONVERSION = YES;
				CLANG_WARN_OBJC_ROOT_CLASS = YES_ERROR;
				CLANG_WARN_QUOTED_INCLUDE_IN_FRAMEWORK_HEADER = YES;
				CLANG_WARN_RANGE_LOOP_ANALYSIS = YES;
				CLANG_WARN_STRICT_PROTOTYPES = YES;
				CLANG_WARN_SUSPICIOUS_MOVE = YES;
				CLANG_WARN_UNGUARDED_AVAILABILITY = YES_AGGRESSIVE;
				CLANG_WARN_UNREACHABLE_CODE = YES;
				CLANG_WARN__DUPLICATE_METHOD_MATCH = YES;
				CODE_SIGN_IDENTITY = "Apple Development";
				CODE_SIGN_STYLE = Automatic;
				COPY_PHASE_STRIP = NO;
				DEBUG_INFORMATION_FORMAT = dwarf;
				DEVELOPMENT_TEAM = R892A93W42;
				ENABLE_STRICT_OBJC_MSGSEND = YES;
				ENABLE_TESTABILITY = YES;
				GCC_C_LANGUAGE_STANDARD = gnu11;
				GCC_DYNAMIC_NO_PIC = NO;
				GCC_NO_COMMON_BLOCKS = YES;
				GCC_OPTIMIZATION_LEVEL = 0;
				GCC_PREPROCESSOR_DEFINITIONS = (
					"$(inherited)",
					"DEBUG=1",
				);
				GCC_WARN_64_TO_32_BIT_CONVERSION = YES;
				GCC_WARN_ABOUT_RETURN_TYPE = YES_ERROR;
				GCC_WARN_UNDECLARED_SELECTOR = YES;
				GCC_WARN_UNINITIALIZED_AUTOS = YES_AGGRESSIVE;
				GCC_WARN_UNUSED_FUNCTION = YES;
				GCC_WARN_UNUSED_VARIABLE = YES;
				MACOSX_DEPLOYMENT_TARGET = 13.0;
				MTL_ENABLE_DEBUG_INFO = INCLUDE_SOURCE;
				MTL_FAST_MATH = YES;
				ONLY_ACTIVE_ARCH = YES;
				PRODUCT_NAME = "$(TARGET_NAME)";
				SDKROOT = macosx;
				SWIFT_ACTIVE_COMPILATION_CONDITIONS = DEBUG;
				SWIFT_OPTIMIZATION_LEVEL = "-Onone";
				SWIFT_VERSION = 5.9;
			};
			name = "Debug-AppStore";
		};
		9C2BD031FA41B3E868BB7754 /* Debug */ = {
			isa = XCBuildConfiguration;
			buildSettings = {
				ALWAYS_SEARCH_USER_PATHS = NO;
				CLANG_ANALYZER_NONNULL = YES;
				CLANG_ANALYZER_NUMBER_OBJECT_CONVERSION = YES_AGGRESSIVE;
				CLANG_CXX_LANGUAGE_STANDARD = "gnu++14";
				CLANG_CXX_LIBRARY = "libc++";
				CLANG_ENABLE_MODULES = YES;
				CLANG_ENABLE_OBJC_ARC = YES;
				CLANG_ENABLE_OBJC_WEAK = YES;
				CLANG_WARN_BLOCK_CAPTURE_AUTORELEASING = YES;
				CLANG_WARN_BOOL_CONVERSION = YES;
				CLANG_WARN_COMMA = YES;
				CLANG_WARN_CONSTANT_CONVERSION = YES;
				CLANG_WARN_DEPRECATED_OBJC_IMPLEMENTATIONS = YES;
				CLANG_WARN_DIRECT_OBJC_ISA_USAGE = YES_ERROR;
				CLANG_WARN_DOCUMENTATION_COMMENTS = YES;
				CLANG_WARN_EMPTY_BODY = YES;
				CLANG_WARN_ENUM_CONVERSION = YES;
				CLANG_WARN_INFINITE_RECURSION = YES;
				CLANG_WARN_INT_CONVERSION = YES;
				CLANG_WARN_NON_LITERAL_NULL_CONVERSION = YES;
				CLANG_WARN_OBJC_IMPLICIT_RETAIN_SELF = YES;
				CLANG_WARN_OBJC_LITERAL_CONVERSION = YES;
				CLANG_WARN_OBJC_ROOT_CLASS = YES_ERROR;
				CLANG_WARN_QUOTED_INCLUDE_IN_FRAMEWORK_HEADER = YES;
				CLANG_WARN_RANGE_LOOP_ANALYSIS = YES;
				CLANG_WARN_STRICT_PROTOTYPES = YES;
				CLANG_WARN_SUSPICIOUS_MOVE = YES;
				CLANG_WARN_UNGUARDED_AVAILABILITY = YES_AGGRESSIVE;
				CLANG_WARN_UNREACHABLE_CODE = YES;
				CLANG_WARN__DUPLICATE_METHOD_MATCH = YES;
				CODE_SIGN_IDENTITY = "Apple Development";
				CODE_SIGN_STYLE = Automatic;
				COPY_PHASE_STRIP = NO;
				DEBUG_INFORMATION_FORMAT = dwarf;
				DEVELOPMENT_TEAM = R892A93W42;
				ENABLE_STRICT_OBJC_MSGSEND = YES;
				ENABLE_TESTABILITY = YES;
				GCC_C_LANGUAGE_STANDARD = gnu11;
				GCC_DYNAMIC_NO_PIC = NO;
				GCC_NO_COMMON_BLOCKS = YES;
				GCC_OPTIMIZATION_LEVEL = 0;
				GCC_PREPROCESSOR_DEFINITIONS = (
					"$(inherited)",
					"DEBUG=1",
				);
				GCC_WARN_64_TO_32_BIT_CONVERSION = YES;
				GCC_WARN_ABOUT_RETURN_TYPE = YES_ERROR;
				GCC_WARN_UNDECLARED_SELECTOR = YES;
				GCC_WARN_UNINITIALIZED_AUTOS = YES_AGGRESSIVE;
				GCC_WARN_UNUSED_FUNCTION = YES;
				GCC_WARN_UNUSED_VARIABLE = YES;
				MACOSX_DEPLOYMENT_TARGET = 13.0;
				MTL_ENABLE_DEBUG_INFO = INCLUDE_SOURCE;
				MTL_FAST_MATH = YES;
				ONLY_ACTIVE_ARCH = YES;
				PRODUCT_NAME = "$(TARGET_NAME)";
				SDKROOT = macosx;
				SWIFT_ACTIVE_COMPILATION_CONDITIONS = DEBUG;
				SWIFT_OPTIMIZATION_LEVEL = "-Onone";
				SWIFT_VERSION = 5.9;
			};
			name = Debug;
		};
		B723A4C83368FDCD8C05DF32 /* Debug */ = {
			isa = XCBuildConfiguration;
			buildSettings = {
				ASSETCATALOG_COMPILER_APPICON_NAME = AppIcon;
				CODE_SIGN_ENTITLEMENTS = "Sources/itsytack-direct.entitlements";
				COMBINE_HIDPI_IMAGES = YES;
				CURRENT_PROJECT_VERSION = 122;
				ENABLE_HARDENED_RUNTIME = YES;
				GENERATE_INFOPLIST_FILE = NO;
				INFOPLIST_FILE = Sources/Info.plist;
				LD_RUNPATH_SEARCH_PATHS = (
					"$(inherited)",
					"@executable_path/../Frameworks",
				);
				MARKETING_VERSION = 1.2.2;
				PRODUCT_BUNDLE_IDENTIFIER = com.itsytack.app;
				PRODUCT_NAME = Itsytack;
				SDKROOT = macosx;
			};
			name = Debug;
		};
		DC5C7F816B597BB66B3260E2 /* Debug-AppStore */ = {
			isa = XCBuildConfiguration;
			buildSettings = {
				ASSETCATALOG_COMPILER_APPICON_NAME = AppIcon;
				CODE_SIGN_ENTITLEMENTS = Sources/itsytack.entitlements;
				COMBINE_HIDPI_IMAGES = YES;
				CURRENT_PROJECT_VERSION = 122;
				ENABLE_HARDENED_RUNTIME = YES;
				GENERATE_INFOPLIST_FILE = NO;
				INFOPLIST_FILE = Sources/Info.plist;
				LD_RUNPATH_SEARCH_PATHS = (
					"$(inherited)",
					"@executable_path/../Frameworks",
				);
				MARKETING_VERSION = 1.2.2;
				PRODUCT_BUNDLE_IDENTIFIER = com.itsytack.app;
				PRODUCT_NAME = Itsytack;
				SDKROOT = macosx;
				SWIFT_ACTIVE_COMPILATION_CONDITIONS = APPSTORE;
			};
			name = "Debug-AppStore";
		};
/* End XCBuildConfiguration section */

/* Begin XCConfigurationList section */
		9C29112175E9363A6FB871C2 /* Build configuration list for PBXProject "itsytack" */ = {
			isa = XCConfigurationList;
			buildConfigurations = (
				9C2BD031FA41B3E868BB7754 /* Debug */,
				9AFD75C10E059495F5ACD3DF /* Debug-AppStore */,
				09B09FB88CB20223267232B5 /* Release */,
				7C3B67574C85519D13018422 /* Release-AppStore */,
			);
			defaultConfigurationIsVisible = 0;
			defaultConfigurationName = Debug;
		};
		C0E86E86E33C07E551356839 /* Build configuration list for PBXNativeTarget "itsytack" */ = {
			isa = XCConfigurationList;
			buildConfigurations = (
				B723A4C83368FDCD8C05DF32 /* Debug */,
				DC5C7F816B597BB66B3260E2 /* Debug-AppStore */,
				6544D1851B56881084A26A04 /* Release */,
				15A80158A437B12018941AA7 /* Release-AppStore */,
			);
			defaultConfigurationIsVisible = 0;
			defaultConfigurationName = Debug;
		};
/* End XCConfigurationList section */
	};
	rootObject = B27DAF77137CB725C5D96805 /* Project object */;
}
